
Microsoft Visual Studio Solution File, Format Version 12.00
# Visual Studio Version 17
VisualStudioVersion = 17.0.31903.59
MinimumVisualStudioVersion = 10.0.40219.1
Project("{FAE04EC0-301F-11D3-BF4B-00C04F79EFBC}") = "MokkivarausApp", "MokkivarausApp\MokkivarausApp.csproj", "{6DD595AA-2E16-4552-9641-B0EF191B6D7A}"
EndProject
Global
	GlobalSection(SolutionConfigurationPlatforms) = preSolution
		Debug|Any CPU = Debug|Any CPU
		Release|Any CPU = Release|Any CPU
	EndGlobalSection
	GlobalSection(ProjectConfigurationPlatforms) = postSolution
		{6DD595AA-2E16-4552-9641-B0EF191B6D7A}.Debug|Any CPU.ActiveCfg = Debug|Any CPU
		{6DD595AA-2E16-4552-9641-B0EF191B6D7A}.Debug|Any CPU.Build.0 = Debug|Any CPU
		{6DD595AA-2E16-4552-9641-B0EF191B6D7A}.Debug|Any CPU.Deploy.0 = Debug|Any CPU
		{6DD595AA-2E16-4552-9641-B0EF191B6D7A}.Release|Any CPU.ActiveCfg = Release|Any CPU
		{6DD595AA-2E16-4552-9641-B0EF191B6D7A}.Release|Any CPU.Build.0 = Release|Any CPU
		{6DD595AA-2E16-4552-9641-B0EF191B6D7A}.Release|Any CPU.Deploy.0 = Release|Any CPU
	EndGlobalSection
	GlobalSection(SolutionProperties) = preSolution
		HideSolutionNode = FALSE
	EndGlobalSection
	GlobalSection(ExtensibilityGlobals) = postSolution
		SolutionGuid = {21690766-34B7-40FA-B092-C679A1D659B2}
	EndGlobalSection
EndGlobal
